
Microsoft Visual Studio Solution File, Format Version 12.00
# Visual Studio Version 17
VisualStudioVersion = 17.8.34322.80
MinimumVisualStudioVersion = 10.0.40219.1
Project("{FAE04EC0-301F-11D3-BF4B-00C04F79EFBC}") = "27", "27\27.csproj", "{99096FCC-27A3-4200-B643-B16748D8AB08}"
EndProject
Global
	GlobalSection(SolutionConfigurationPlatforms) = preSolution
		Debug|Any CPU = Debug|Any CPU
		Release|Any CPU = Release|Any CPU
	EndGlobalSection
	GlobalSection(ProjectConfigurationPlatforms) = postSolution
		{99096FCC-27A3-4200-B643-B16748D8AB08}.Debug|Any CPU.ActiveCfg = Debug|Any CPU
		{99096FCC-27A3-4200-B643-B16748D8AB08}.Debug|Any CPU.Build.0 = Debug|Any CPU
		{99096FCC-27A3-4200-B643-B16748D8AB08}.Release|Any CPU.ActiveCfg = Release|Any CPU
		{99096FCC-27A3-4200-B643-B16748D8AB08}.Release|Any CPU.Build.0 = Release|Any CPU
	EndGlobalSection
	GlobalSection(SolutionProperties) = preSolution
		HideSolutionNode = FALSE
	EndGlobalSection
	GlobalSection(ExtensibilityGlobals) = postSolution
		SolutionGuid = {C2942C57-470B-447E-AC4B-E94F133F2CB6}
	EndGlobalSection
EndGlobal
