
Microsoft Visual Studio Solution File, Format Version 12.00
# Visual Studio Version 17
VisualStudioVersion = 17.8.34322.80
MinimumVisualStudioVersion = 10.0.40219.1
Project("{FAE04EC0-301F-11D3-BF4B-00C04F79EFBC}") = "31", "31\31.csproj", "{1C06DFA4-37B8-4EFD-A20B-F6AF0A2AC925}"
EndProject
Global
	GlobalSection(SolutionConfigurationPlatforms) = preSolution
		Debug|Any CPU = Debug|Any CPU
		Release|Any CPU = Release|Any CPU
	EndGlobalSection
	GlobalSection(ProjectConfigurationPlatforms) = postSolution
		{1C06DFA4-37B8-4EFD-A20B-F6AF0A2AC925}.Debug|Any CPU.ActiveCfg = Debug|Any CPU
		{1C06DFA4-37B8-4EFD-A20B-F6AF0A2AC925}.Debug|Any CPU.Build.0 = Debug|Any CPU
		{1C06DFA4-37B8-4EFD-A20B-F6AF0A2AC925}.Release|Any CPU.ActiveCfg = Release|Any CPU
		{1C06DFA4-37B8-4EFD-A20B-F6AF0A2AC925}.Release|Any CPU.Build.0 = Release|Any CPU
	EndGlobalSection
	GlobalSection(SolutionProperties) = preSolution
		HideSolutionNode = FALSE
	EndGlobalSection
	GlobalSection(ExtensibilityGlobals) = postSolution
		SolutionGuid = {FB18AF8E-7C9E-418B-B5F1-69DC77C4D1C4}
	EndGlobalSection
EndGlobal
