
Microsoft Visual Studio Solution File, Format Version 12.00
# Visual Studio Version 17
VisualStudioVersion = 17.8.34322.80
MinimumVisualStudioVersion = 10.0.40219.1
Project("{FAE04EC0-301F-11D3-BF4B-00C04F79EFBC}") = "13", "13\13.csproj", "{C59D3811-0447-450A-B243-5198C7E28B8A}"
EndProject
Global
	GlobalSection(SolutionConfigurationPlatforms) = preSolution
		Debug|Any CPU = Debug|Any CPU
		Release|Any CPU = Release|Any CPU
	EndGlobalSection
	GlobalSection(ProjectConfigurationPlatforms) = postSolution
		{C59D3811-0447-450A-B243-5198C7E28B8A}.Debug|Any CPU.ActiveCfg = Debug|Any CPU
		{C59D3811-0447-450A-B243-5198C7E28B8A}.Debug|Any CPU.Build.0 = Debug|Any CPU
		{C59D3811-0447-450A-B243-5198C7E28B8A}.Release|Any CPU.ActiveCfg = Release|Any CPU
		{C59D3811-0447-450A-B243-5198C7E28B8A}.Release|Any CPU.Build.0 = Release|Any CPU
	EndGlobalSection
	GlobalSection(SolutionProperties) = preSolution
		HideSolutionNode = FALSE
	EndGlobalSection
	GlobalSection(ExtensibilityGlobals) = postSolution
		SolutionGuid = {6F43D1E5-4B99-410C-88E8-2F53C81A28DF}
	EndGlobalSection
EndGlobal
